
Microsoft Visual Studio Solution File, Format Version 12.00
# Visual Studio Version 17
VisualStudioVersion = 17.8.34330.188
MinimumVisualStudioVersion = 10.0.40219.1
Project("{FAE04EC0-301F-11D3-BF4B-00C04F79EFBC}") = "ObjectMerger", "ObjectMerger\ObjectMerger.csproj", "{71790D31-C170-4A6F-A461-6E0E1DE6ABCF}"
EndProject
Global
	GlobalSection(SolutionConfigurationPlatforms) = preSolution
		Debug|Any CPU = Debug|Any CPU
		Release|Any CPU = Release|Any CPU
	EndGlobalSection
	GlobalSection(ProjectConfigurationPlatforms) = postSolution
		{71790D31-C170-4A6F-A461-6E0E1DE6ABCF}.Debug|Any CPU.ActiveCfg = Debug|Any CPU
		{71790D31-C170-4A6F-A461-6E0E1DE6ABCF}.Debug|Any CPU.Build.0 = Debug|Any CPU
		{71790D31-C170-4A6F-A461-6E0E1DE6ABCF}.Release|Any CPU.ActiveCfg = Release|Any CPU
		{71790D31-C170-4A6F-A461-6E0E1DE6ABCF}.Release|Any CPU.Build.0 = Release|Any CPU
	EndGlobalSection
	GlobalSection(SolutionProperties) = preSolution
		HideSolutionNode = FALSE
	EndGlobalSection
	GlobalSection(ExtensibilityGlobals) = postSolution
		SolutionGuid = {5A9B78AD-436F-4838-9710-75F9DCFA5C6D}
	EndGlobalSection
EndGlobal
